
Microsoft Visual Studio Solution File, Format Version 12.00
# Visual Studio 15
VisualStudioVersion = 15.0.27130.2010
MinimumVisualStudioVersion = 10.0.40219.1
Project("{FAE04EC0-301F-11D3-BF4B-00C04F79EFBC}") = "Server", "Server\Server.csproj", "{9AD46879-484B-4995-96A9-5517D9D6A40A}"
EndProject
Global
	GlobalSection(SolutionConfigurationPlatforms) = preSolution
		Debug|Any CPU = Debug|Any CPU
		Release|Any CPU = Release|Any CPU
	EndGlobalSection
	GlobalSection(ProjectConfigurationPlatforms) = postSolution
		{9AD46879-484B-4995-96A9-5517D9D6A40A}.Debug|Any CPU.ActiveCfg = Debug|Any CPU
		{9AD46879-484B-4995-96A9-5517D9D6A40A}.Debug|Any CPU.Build.0 = Debug|Any CPU
		{9AD46879-484B-4995-96A9-5517D9D6A40A}.Release|Any CPU.ActiveCfg = Release|Any CPU
		{9AD46879-484B-4995-96A9-5517D9D6A40A}.Release|Any CPU.Build.0 = Release|Any CPU
	EndGlobalSection
	GlobalSection(SolutionProperties) = preSolution
		HideSolutionNode = FALSE
	EndGlobalSection
	GlobalSection(ExtensibilityGlobals) = postSolution
		SolutionGuid = {735B6DCF-4DFC-4092-A7D4-FEDEF1ED9C8F}
	EndGlobalSection
EndGlobal
